
Microsoft Visual Studio Solution File, Format Version 12.00
# Visual Studio 15
VisualStudioVersion = 15.0.27703.2035
MinimumVisualStudioVersion = 10.0.40219.1
Project("{8BC9CEB8-8B4A-11D0-8D11-00A0C91BC942}") = "Eggy", "Eggy\Eggy.vcxproj", "{69BB12F9-709F-412C-B01F-AED498933AD3}"
EndProject
Global
	GlobalSection(SolutionConfigurationPlatforms) = preSolution
		Debug|x64 = Debug|x64
		Debug|x86 = Debug|x86
		Release|x64 = Release|x64
		Release|x86 = Release|x86
	EndGlobalSection
	GlobalSection(ProjectConfigurationPlatforms) = postSolution
		{69BB12F9-709F-412C-B01F-AED498933AD3}.Debug|x64.ActiveCfg = Debug|x64
		{69BB12F9-709F-412C-B01F-AED498933AD3}.Debug|x64.Build.0 = Debug|x64
		{69BB12F9-709F-412C-B01F-AED498933AD3}.Debug|x86.ActiveCfg = Debug|Win32
		{69BB12F9-709F-412C-B01F-AED498933AD3}.Debug|x86.Build.0 = Debug|Win32
		{69BB12F9-709F-412C-B01F-AED498933AD3}.Release|x64.ActiveCfg = Release|x64
		{69BB12F9-709F-412C-B01F-AED498933AD3}.Release|x64.Build.0 = Release|x64
		{69BB12F9-709F-412C-B01F-AED498933AD3}.Release|x86.ActiveCfg = Release|Win32
		{69BB12F9-709F-412C-B01F-AED498933AD3}.Release|x86.Build.0 = Release|Win32
	EndGlobalSection
	GlobalSection(SolutionProperties) = preSolution
		HideSolutionNode = FALSE
	EndGlobalSection
	GlobalSection(ExtensibilityGlobals) = postSolution
		SolutionGuid = {252A738F-92D4-416E-A4CB-CB1E77E455F9}
	EndGlobalSection
EndGlobal
